
Microsoft Visual Studio Solution File, Format Version 12.00
# Visual Studio Version 17
VisualStudioVersion = 17.4.33403.182
MinimumVisualStudioVersion = 10.0.40219.1
Project("{FAE04EC0-301F-11D3-BF4B-00C04F79EFBC}") = "L6_AEBS_1132721", "L6_AEBS_1132721.csproj", "{33671794-66AB-4522-A513-1773C65D5633}"
EndProject
Global
	GlobalSection(SolutionConfigurationPlatforms) = preSolution
		Debug|Any CPU = Debug|Any CPU
		Release|Any CPU = Release|Any CPU
	EndGlobalSection
	GlobalSection(ProjectConfigurationPlatforms) = postSolution
		{33671794-66AB-4522-A513-1773C65D5633}.Debug|Any CPU.ActiveCfg = Debug|Any CPU
		{33671794-66AB-4522-A513-1773C65D5633}.Debug|Any CPU.Build.0 = Debug|Any CPU
		{33671794-66AB-4522-A513-1773C65D5633}.Release|Any CPU.ActiveCfg = Release|Any CPU
		{33671794-66AB-4522-A513-1773C65D5633}.Release|Any CPU.Build.0 = Release|Any CPU
	EndGlobalSection
	GlobalSection(SolutionProperties) = preSolution
		HideSolutionNode = FALSE
	EndGlobalSection
	GlobalSection(ExtensibilityGlobals) = postSolution
		SolutionGuid = {D28A6A69-A97D-4EA5-B74A-53DB59DB6DAA}
	EndGlobalSection
EndGlobal
